// !$*UTF8*$!
{
	archiveVersion = 1;
	classes = {
	};
	objectVersion = 56;
	objects = {

/* Begin PBXBuildFile section */
		E75CEE1A2BD6BED800F1F2F6 /* MedBookApp.swift in Sources */ = {isa = PBXBuildFile; fileRef = E75CEE192BD6BED800F1F2F6 /* MedBookApp.swift */; };
		E75CEE1E2BD6BED900F1F2F6 /* Assets.xcassets in Resources */ = {isa = PBXBuildFile; fileRef = E75CEE1D2BD6BED900F1F2F6 /* Assets.xcassets */; };
		E75CEE212BD6BED900F1F2F6 /* Preview Assets.xcassets in Resources */ = {isa = PBXBuildFile; fileRef = E75CEE202BD6BED900F1F2F6 /* Preview Assets.xcassets */; };
		E75CEE232BD6BED900F1F2F6 /* Persistence.swift in Sources */ = {isa = PBXBuildFile; fileRef = E75CEE222BD6BED900F1F2F6 /* Persistence.swift */; };
		E75CEE262BD6BED900F1F2F6 /* MedBook.xcdatamodeld in Sources */ = {isa = PBXBuildFile; fileRef = E75CEE242BD6BED900F1F2F6 /* MedBook.xcdatamodeld */; };
		E75CEE302BD6CA6E00F1F2F6 /* LandingScreen.swift in Sources */ = {isa = PBXBuildFile; fileRef = E75CEE2F2BD6CA6E00F1F2F6 /* LandingScreen.swift */; };
		E75CEE322BD6CA9600F1F2F6 /* SignupScreen.swift in Sources */ = {isa = PBXBuildFile; fileRef = E75CEE312BD6CA9600F1F2F6 /* SignupScreen.swift */; };
		E75CEE342BD6CAC300F1F2F6 /* LoginSceen.swift in Sources */ = {isa = PBXBuildFile; fileRef = E75CEE332BD6CAC300F1F2F6 /* LoginSceen.swift */; };
		E75CEE362BD6D6EC00F1F2F6 /* HomeScreen.swift in Sources */ = {isa = PBXBuildFile; fileRef = E75CEE352BD6D6EC00F1F2F6 /* HomeScreen.swift */; };
		E76F60D92BD7C0FA003E7F0B /* HomeScreenViewModel.swift in Sources */ = {isa = PBXBuildFile; fileRef = E76F60D82BD7C0FA003E7F0B /* HomeScreenViewModel.swift */; };
		E76F60DB2BD7C155003E7F0B /* NetworkManager.swift in Sources */ = {isa = PBXBuildFile; fileRef = E76F60DA2BD7C155003E7F0B /* NetworkManager.swift */; };
		E76F60DD2BD7C193003E7F0B /* Constants+NetworkManager.swift in Sources */ = {isa = PBXBuildFile; fileRef = E76F60DC2BD7C193003E7F0B /* Constants+NetworkManager.swift */; };
		E76F60DF2BD7C1A9003E7F0B /* Constants.swift in Sources */ = {isa = PBXBuildFile; fileRef = E76F60DE2BD7C1A9003E7F0B /* Constants.swift */; };
		E76F60E12BD7C269003E7F0B /* BookListModel.swift in Sources */ = {isa = PBXBuildFile; fileRef = E76F60E02BD7C269003E7F0B /* BookListModel.swift */; };
		E76F60E32BD7DBDD003E7F0B /* BookListCell.swift in Sources */ = {isa = PBXBuildFile; fileRef = E76F60E22BD7DBDD003E7F0B /* BookListCell.swift */; };
		E76F60E52BD7DBFD003E7F0B /* SearchBar.swift in Sources */ = {isa = PBXBuildFile; fileRef = E76F60E42BD7DBFD003E7F0B /* SearchBar.swift */; };
/* End PBXBuildFile section */

/* Begin PBXFileReference section */
		E75CEE162BD6BED800F1F2F6 /* MedBook.app */ = {isa = PBXFileReference; explicitFileType = wrapper.application; includeInIndex = 0; path = MedBook.app; sourceTree = BUILT_PRODUCTS_DIR; };
		E75CEE192BD6BED800F1F2F6 /* MedBookApp.swift */ = {isa = PBXFileReference; lastKnownFileType = sourcecode.swift; path = MedBookApp.swift; sourceTree = "<group>"; };
		E75CEE1D2BD6BED900F1F2F6 /* Assets.xcassets */ = {isa = PBXFileReference; lastKnownFileType = folder.assetcatalog; path = Assets.xcassets; sourceTree = "<group>"; };
		E75CEE202BD6BED900F1F2F6 /* Preview Assets.xcassets */ = {isa = PBXFileReference; lastKnownFileType = folder.assetcatalog; path = "Preview Assets.xcassets"; sourceTree = "<group>"; };
		E75CEE222BD6BED900F1F2F6 /* Persistence.swift */ = {isa = PBXFileReference; lastKnownFileType = sourcecode.swift; path = Persistence.swift; sourceTree = "<group>"; };
		E75CEE252BD6BED900F1F2F6 /* MedBook.xcdatamodel */ = {isa = PBXFileReference; lastKnownFileType = wrapper.xcdatamodel; path = MedBook.xcdatamodel; sourceTree = "<group>"; };
		E75CEE2F2BD6CA6E00F1F2F6 /* LandingScreen.swift */ = {isa = PBXFileReference; lastKnownFileType = sourcecode.swift; name = LandingScreen.swift; path = MedBook/LandingScreen.swift; sourceTree = SOURCE_ROOT; };
		E75CEE312BD6CA9600F1F2F6 /* SignupScreen.swift */ = {isa = PBXFileReference; lastKnownFileType = sourcecode.swift; path = SignupScreen.swift; sourceTree = "<group>"; };
		E75CEE332BD6CAC300F1F2F6 /* LoginSceen.swift */ = {isa = PBXFileReference; lastKnownFileType = sourcecode.swift; path = LoginSceen.swift; sourceTree = "<group>"; };
		E75CEE352BD6D6EC00F1F2F6 /* HomeScreen.swift */ = {isa = PBXFileReference; lastKnownFileType = sourcecode.swift; path = HomeScreen.swift; sourceTree = "<group>"; };
		E76F60D82BD7C0FA003E7F0B /* HomeScreenViewModel.swift */ = {isa = PBXFileReference; lastKnownFileType = sourcecode.swift; path = HomeScreenViewModel.swift; sourceTree = "<group>"; };
		E76F60DA2BD7C155003E7F0B /* NetworkManager.swift */ = {isa = PBXFileReference; lastKnownFileType = sourcecode.swift; path = NetworkManager.swift; sourceTree = "<group>"; };
		E76F60DC2BD7C193003E7F0B /* Constants+NetworkManager.swift */ = {isa = PBXFileReference; lastKnownFileType = sourcecode.swift; path = "Constants+NetworkManager.swift"; sourceTree = "<group>"; };
		E76F60DE2BD7C1A9003E7F0B /* Constants.swift */ = {isa = PBXFileReference; lastKnownFileType = sourcecode.swift; path = Constants.swift; sourceTree = "<group>"; };
		E76F60E02BD7C269003E7F0B /* BookListModel.swift */ = {isa = PBXFileReference; lastKnownFileType = sourcecode.swift; path = BookListModel.swift; sourceTree = "<group>"; };
		E76F60E22BD7DBDD003E7F0B /* BookListCell.swift */ = {isa = PBXFileReference; lastKnownFileType = sourcecode.swift; path = BookListCell.swift; sourceTree = "<group>"; };
		E76F60E42BD7DBFD003E7F0B /* SearchBar.swift */ = {isa = PBXFileReference; lastKnownFileType = sourcecode.swift; path = SearchBar.swift; sourceTree = "<group>"; };
/* End PBXFileReference section */

/* Begin PBXFrameworksBuildPhase section */
		E75CEE132BD6BED800F1F2F6 /* Frameworks */ = {
			isa = PBXFrameworksBuildPhase;
			buildActionMask = 2147483647;
			files = (
			);
			runOnlyForDeploymentPostprocessing = 0;
		};
/* End PBXFrameworksBuildPhase section */

/* Begin PBXGroup section */
		E75CEE0D2BD6BED800F1F2F6 = {
			isa = PBXGroup;
			children = (
				E75CEE182BD6BED800F1F2F6 /* MedBook */,
				E75CEE172BD6BED800F1F2F6 /* Products */,
			);
			sourceTree = "<group>";
		};
		E75CEE172BD6BED800F1F2F6 /* Products */ = {
			isa = PBXGroup;
			children = (
				E75CEE162BD6BED800F1F2F6 /* MedBook.app */,
			);
			name = Products;
			sourceTree = "<group>";
		};
		E75CEE182BD6BED800F1F2F6 /* MedBook */ = {
			isa = PBXGroup;
			children = (
				E75CEE352BD6D6EC00F1F2F6 /* HomeScreen.swift */,
				E75CEE2D2BD6CA2F00F1F2F6 /* Views */,
				E75CEE192BD6BED800F1F2F6 /* MedBookApp.swift */,
				E75CEE1D2BD6BED900F1F2F6 /* Assets.xcassets */,
				E75CEE222BD6BED900F1F2F6 /* Persistence.swift */,
				E75CEE242BD6BED900F1F2F6 /* MedBook.xcdatamodeld */,
				E75CEE1F2BD6BED900F1F2F6 /* Preview Content */,
				E75CEE312BD6CA9600F1F2F6 /* SignupScreen.swift */,
				E75CEE332BD6CAC300F1F2F6 /* LoginSceen.swift */,
				E76F60D82BD7C0FA003E7F0B /* HomeScreenViewModel.swift */,
				E76F60DA2BD7C155003E7F0B /* NetworkManager.swift */,
				E76F60DC2BD7C193003E7F0B /* Constants+NetworkManager.swift */,
				E76F60DE2BD7C1A9003E7F0B /* Constants.swift */,
				E76F60E02BD7C269003E7F0B /* BookListModel.swift */,
				E76F60E22BD7DBDD003E7F0B /* BookListCell.swift */,
				E76F60E42BD7DBFD003E7F0B /* SearchBar.swift */,
			);
			path = MedBook;
			sourceTree = "<group>";
		};
		E75CEE1F2BD6BED900F1F2F6 /* Preview Content */ = {
			isa = PBXGroup;
			children = (
				E75CEE202BD6BED900F1F2F6 /* Preview Assets.xcassets */,
			);
			path = "Preview Content";
			sourceTree = "<group>";
		};
		E75CEE2D2BD6CA2F00F1F2F6 /* Views */ = {
			isa = PBXGroup;
			children = (
				E75CEE2F2BD6CA6E00F1F2F6 /* LandingScreen.swift */,
			);
			path = Views;
			sourceTree = "<group>";
		};
/* End PBXGroup section */

/* Begin PBXNativeTarget section */
		E75CEE152BD6BED800F1F2F6 /* MedBook */ = {
			isa = PBXNativeTarget;
			buildConfigurationList = E75CEE292BD6BED900F1F2F6 /* Build configuration list for PBXNativeTarget "MedBook" */;
			buildPhases = (
				E75CEE122BD6BED800F1F2F6 /* Sources */,
				E75CEE132BD6BED800F1F2F6 /* Frameworks */,
				E75CEE142BD6BED800F1F2F6 /* Resources */,
			);
			buildRules = (
			);
			dependencies = (
			);
			name = MedBook;
			productName = MedBook;
			productReference = E75CEE162BD6BED800F1F2F6 /* MedBook.app */;
			productType = "com.apple.product-type.application";
		};
/* End PBXNativeTarget section */

/* Begin PBXProject section */
		E75CEE0E2BD6BED800F1F2F6 /* Project object */ = {
			isa = PBXProject;
			attributes = {
				BuildIndependentTargetsInParallel = 1;
				LastSwiftUpdateCheck = 1530;
				LastUpgradeCheck = 1530;
				TargetAttributes = {
					E75CEE152BD6BED800F1F2F6 = {
						CreatedOnToolsVersion = 15.3;
					};
				};
			};
			buildConfigurationList = E75CEE112BD6BED800F1F2F6 /* Build configuration list for PBXProject "MedBook" */;
			compatibilityVersion = "Xcode 14.0";
			developmentRegion = en;
			hasScannedForEncodings = 0;
			knownRegions = (
				en,
				Base,
			);
			mainGroup = E75CEE0D2BD6BED800F1F2F6;
			productRefGroup = E75CEE172BD6BED800F1F2F6 /* Products */;
			projectDirPath = "";
			projectRoot = "";
			targets = (
				E75CEE152BD6BED800F1F2F6 /* MedBook */,
			);
		};
/* End PBXProject section */

/* Begin PBXResourcesBuildPhase section */
		E75CEE142BD6BED800F1F2F6 /* Resources */ = {
			isa = PBXResourcesBuildPhase;
			buildActionMask = 2147483647;
			files = (
				E75CEE212BD6BED900F1F2F6 /* Preview Assets.xcassets in Resources */,
				E75CEE1E2BD6BED900F1F2F6 /* Assets.xcassets in Resources */,
			);
			runOnlyForDeploymentPostprocessing = 0;
		};
/* End PBXResourcesBuildPhase section */

/* Begin PBXSourcesBuildPhase section */
		E75CEE122BD6BED800F1F2F6 /* Sources */ = {
			isa = PBXSourcesBuildPhase;
			buildActionMask = 2147483647;
			files = (
				E76F60DB2BD7C155003E7F0B /* NetworkManager.swift in Sources */,
				E76F60DF2BD7C1A9003E7F0B /* Constants.swift in Sources */,
				E76F60E12BD7C269003E7F0B /* BookListModel.swift in Sources */,
				E75CEE342BD6CAC300F1F2F6 /* LoginSceen.swift in Sources */,
				E76F60E32BD7DBDD003E7F0B /* BookListCell.swift in Sources */,
				E76F60DD2BD7C193003E7F0B /* Constants+NetworkManager.swift in Sources */,
				E76F60D92BD7C0FA003E7F0B /* HomeScreenViewModel.swift in Sources */,
				E76F60E52BD7DBFD003E7F0B /* SearchBar.swift in Sources */,
				E75CEE232BD6BED900F1F2F6 /* Persistence.swift in Sources */,
				E75CEE362BD6D6EC00F1F2F6 /* HomeScreen.swift in Sources */,
				E75CEE262BD6BED900F1F2F6 /* MedBook.xcdatamodeld in Sources */,
				E75CEE302BD6CA6E00F1F2F6 /* LandingScreen.swift in Sources */,
				E75CEE1A2BD6BED800F1F2F6 /* MedBookApp.swift in Sources */,
				E75CEE322BD6CA9600F1F2F6 /* SignupScreen.swift in Sources */,
			);
			runOnlyForDeploymentPostprocessing = 0;
		};
/* End PBXSourcesBuildPhase section */

/* Begin XCBuildConfiguration section */
		E75CEE272BD6BED900F1F2F6 /* Debug */ = {
			isa = XCBuildConfiguration;
			buildSettings = {
				ALWAYS_SEARCH_USER_PATHS = NO;
				ASSETCATALOG_COMPILER_GENERATE_SWIFT_ASSET_SYMBOL_EXTENSIONS = YES;
				CLANG_ANALYZER_NONNULL = YES;
				CLANG_ANALYZER_NUMBER_OBJECT_CONVERSION = YES_AGGRESSIVE;
				CLANG_CXX_LANGUAGE_STANDARD = "gnu++20";
				CLANG_ENABLE_MODULES = YES;
				CLANG_ENABLE_OBJC_ARC = YES;
				CLANG_ENABLE_OBJC_WEAK = YES;
				CLANG_WARN_BLOCK_CAPTURE_AUTORELEASING = YES;
				CLANG_WARN_BOOL_CONVERSION = YES;
				CLANG_WARN_COMMA = YES;
				CLANG_WARN_CONSTANT_CONVERSION = YES;
				CLANG_WARN_DEPRECATED_OBJC_IMPLEMENTATIONS = YES;
				CLANG_WARN_DIRECT_OBJC_ISA_USAGE = YES_ERROR;
				CLANG_WARN_DOCUMENTATION_COMMENTS = YES;
				CLANG_WARN_EMPTY_BODY = YES;
				CLANG_WARN_ENUM_CONVERSION = YES;
				CLANG_WARN_INFINITE_RECURSION = YES;
				CLANG_WARN_INT_CONVERSION = YES;
				CLANG_WARN_NON_LITERAL_NULL_CONVERSION = YES;
				CLANG_WARN_OBJC_IMPLICIT_RETAIN_SELF = YES;
				CLANG_WARN_OBJC_LITERAL_CONVERSION = YES;
				CLANG_WARN_OBJC_ROOT_CLASS = YES_ERROR;
				CLANG_WARN_QUOTED_INCLUDE_IN_FRAMEWORK_HEADER = YES;
				CLANG_WARN_RANGE_LOOP_ANALYSIS = YES;
				CLANG_WARN_STRICT_PROTOTYPES = YES;
				CLANG_WARN_SUSPICIOUS_MOVE = YES;
				CLANG_WARN_UNGUARDED_AVAILABILITY = YES_AGGRESSIVE;
				CLANG_WARN_UNREACHABLE_CODE = YES;
				CLANG_WARN__DUPLICATE_METHOD_MATCH = YES;
				COPY_PHASE_STRIP = NO;
				DEBUG_INFORMATION_FORMAT = dwarf;
				ENABLE_STRICT_OBJC_MSGSEND = YES;
				ENABLE_TESTABILITY = YES;
				ENABLE_USER_SCRIPT_SANDBOXING = YES;
				GCC_C_LANGUAGE_STANDARD = gnu17;
				GCC_DYNAMIC_NO_PIC = NO;
				GCC_NO_COMMON_BLOCKS = YES;
				GCC_OPTIMIZATION_LEVEL = 0;
				GCC_PREPROCESSOR_DEFINITIONS = (
					"DEBUG=1",
					"$(inherited)",
				);
				GCC_WARN_64_TO_32_BIT_CONVERSION = YES;
				GCC_WARN_ABOUT_RETURN_TYPE = YES_ERROR;
				GCC_WARN_UNDECLARED_SELECTOR = YES;
				GCC_WARN_UNINITIALIZED_AUTOS = YES_AGGRESSIVE;
				GCC_WARN_UNUSED_FUNCTION = YES;
				GCC_WARN_UNUSED_VARIABLE = YES;
				IPHONEOS_DEPLOYMENT_TARGET = 17.4;
				LOCALIZATION_PREFERS_STRING_CATALOGS = YES;
				MTL_ENABLE_DEBUG_INFO = INCLUDE_SOURCE;
				MTL_FAST_MATH = YES;
				ONLY_ACTIVE_ARCH = YES;
				SDKROOT = iphoneos;
				SWIFT_ACTIVE_COMPILATION_CONDITIONS = "DEBUG $(inherited)";
				SWIFT_OPTIMIZATION_LEVEL = "-Onone";
			};
			name = Debug;
		};
		E75CEE282BD6BED900F1F2F6 /* Release */ = {
			isa = XCBuildConfiguration;
			buildSettings = {
				ALWAYS_SEARCH_USER_PATHS = NO;
				ASSETCATALOG_COMPILER_GENERATE_SWIFT_ASSET_SYMBOL_EXTENSIONS = YES;
				CLANG_ANALYZER_NONNULL = YES;
				CLANG_ANALYZER_NUMBER_OBJECT_CONVERSION = YES_AGGRESSIVE;
				CLANG_CXX_LANGUAGE_STANDARD = "gnu++20";
				CLANG_ENABLE_MODULES = YES;
				CLANG_ENABLE_OBJC_ARC = YES;
				CLANG_ENABLE_OBJC_WEAK = YES;
				CLANG_WARN_BLOCK_CAPTURE_AUTORELEASING = YES;
				CLANG_WARN_BOOL_CONVERSION = YES;
				CLANG_WARN_COMMA = YES;
				CLANG_WARN_CONSTANT_CONVERSION = YES;
				CLANG_WARN_DEPRECATED_OBJC_IMPLEMENTATIONS = YES;
				CLANG_WARN_DIRECT_OBJC_ISA_USAGE = YES_ERROR;
				CLANG_WARN_DOCUMENTATION_COMMENTS = YES;
				CLANG_WARN_EMPTY_BODY = YES;
				CLANG_WARN_ENUM_CONVERSION = YES;
				CLANG_WARN_INFINITE_RECURSION = YES;
				CLANG_WARN_INT_CONVERSION = YES;
				CLANG_WARN_NON_LITERAL_NULL_CONVERSION = YES;
				CLANG_WARN_OBJC_IMPLICIT_RETAIN_SELF = YES;
				CLANG_WARN_OBJC_LITERAL_CONVERSION = YES;
				CLANG_WARN_OBJC_ROOT_CLASS = YES_ERROR;
				CLANG_WARN_QUOTED_INCLUDE_IN_FRAMEWORK_HEADER = YES;
				CLANG_WARN_RANGE_LOOP_ANALYSIS = YES;
				CLANG_WARN_STRICT_PROTOTYPES = YES;
				CLANG_WARN_SUSPICIOUS_MOVE = YES;
				CLANG_WARN_UNGUARDED_AVAILABILITY = YES_AGGRESSIVE;
				CLANG_WARN_UNREACHABLE_CODE = YES;
				CLANG_WARN__DUPLICATE_METHOD_MATCH = YES;
				COPY_PHASE_STRIP = NO;
				DEBUG_INFORMATION_FORMAT = "dwarf-with-dsym";
				ENABLE_NS_ASSERTIONS = NO;
				ENABLE_STRICT_OBJC_MSGSEND = YES;
				ENABLE_USER_SCRIPT_SANDBOXING = YES;
				GCC_C_LANGUAGE_STANDARD = gnu17;
				GCC_NO_COMMON_BLOCKS = YES;
				GCC_WARN_64_TO_32_BIT_CONVERSION = YES;
				GCC_WARN_ABOUT_RETURN_TYPE = YES_ERROR;
				GCC_WARN_UNDECLARED_SELECTOR = YES;
				GCC_WARN_UNINITIALIZED_AUTOS = YES_AGGRESSIVE;
				GCC_WARN_UNUSED_FUNCTION = YES;
				GCC_WARN_UNUSED_VARIABLE = YES;
				IPHONEOS_DEPLOYMENT_TARGET = 17.4;
				LOCALIZATION_PREFERS_STRING_CATALOGS = YES;
				MTL_ENABLE_DEBUG_INFO = NO;
				MTL_FAST_MATH = YES;
				SDKROOT = iphoneos;
				SWIFT_COMPILATION_MODE = wholemodule;
				VALIDATE_PRODUCT = YES;
			};
			name = Release;
		};
		E75CEE2A2BD6BED900F1F2F6 /* Debug */ = {
			isa = XCBuildConfiguration;
			buildSettings = {
				ASSETCATALOG_COMPILER_APPICON_NAME = AppIcon;
				ASSETCATALOG_COMPILER_GLOBAL_ACCENT_COLOR_NAME = AccentColor;
				CODE_SIGN_STYLE = Automatic;
				CURRENT_PROJECT_VERSION = 1;
				DEVELOPMENT_ASSET_PATHS = "\"MedBook/Preview Content\"";
				DEVELOPMENT_TEAM = A85Y85GH5K;
				ENABLE_PREVIEWS = YES;
				GENERATE_INFOPLIST_FILE = YES;
				INFOPLIST_KEY_UIApplicationSceneManifest_Generation = YES;
				INFOPLIST_KEY_UIApplicationSupportsIndirectInputEvents = YES;
				INFOPLIST_KEY_UILaunchScreen_Generation = YES;
				INFOPLIST_KEY_UISupportedInterfaceOrientations_iPad = "UIInterfaceOrientationPortrait UIInterfaceOrientationPortraitUpsideDown UIInterfaceOrientationLandscapeLeft UIInterfaceOrientationLandscapeRight";
				INFOPLIST_KEY_UISupportedInterfaceOrientations_iPhone = "UIInterfaceOrientationPortrait UIInterfaceOrientationLandscapeLeft UIInterfaceOrientationLandscapeRight";
				LD_RUNPATH_SEARCH_PATHS = (
					"$(inherited)",
					"@executable_path/Frameworks",
				);
				MARKETING_VERSION = 1.0;
				PRODUCT_BUNDLE_IDENTIFIER = com.dhanajitkapali.MedBook;
				PRODUCT_NAME = "$(TARGET_NAME)";
				SUPPORTED_PLATFORMS = "iphoneos iphonesimulator";
				SUPPORTS_MACCATALYST = NO;
				SUPPORTS_MAC_DESIGNED_FOR_IPHONE_IPAD = NO;
				SUPPORTS_XR_DESIGNED_FOR_IPHONE_IPAD = NO;
				SWIFT_EMIT_LOC_STRINGS = YES;
				SWIFT_VERSION = 5.0;
				TARGETED_DEVICE_FAMILY = "1,2";
			};
			name = Debug;
		};
		E75CEE2B2BD6BED900F1F2F6 /* Release */ = {
			isa = XCBuildConfiguration;
			buildSettings = {
				ASSETCATALOG_COMPILER_APPICON_NAME = AppIcon;
				ASSETCATALOG_COMPILER_GLOBAL_ACCENT_COLOR_NAME = AccentColor;
				CODE_SIGN_STYLE = Automatic;
				CURRENT_PROJECT_VERSION = 1;
				DEVELOPMENT_ASSET_PATHS = "\"MedBook/Preview Content\"";
				DEVELOPMENT_TEAM = A85Y85GH5K;
				ENABLE_PREVIEWS = YES;
				GENERATE_INFOPLIST_FILE = YES;
				INFOPLIST_KEY_UIApplicationSceneManifest_Generation = YES;
				INFOPLIST_KEY_UIApplicationSupportsIndirectInputEvents = YES;
				INFOPLIST_KEY_UILaunchScreen_Generation = YES;
				INFOPLIST_KEY_UISupportedInterfaceOrientations_iPad = "UIInterfaceOrientationPortrait UIInterfaceOrientationPortraitUpsideDown UIInterfaceOrientationLandscapeLeft UIInterfaceOrientationLandscapeRight";
				INFOPLIST_KEY_UISupportedInterfaceOrientations_iPhone = "UIInterfaceOrientationPortrait UIInterfaceOrientationLandscapeLeft UIInterfaceOrientationLandscapeRight";
				LD_RUNPATH_SEARCH_PATHS = (
					"$(inherited)",
					"@executable_path/Frameworks",
				);
				MARKETING_VERSION = 1.0;
				PRODUCT_BUNDLE_IDENTIFIER = com.dhanajitkapali.MedBook;
				PRODUCT_NAME = "$(TARGET_NAME)";
				SUPPORTED_PLATFORMS = "iphoneos iphonesimulator";
				SUPPORTS_MACCATALYST = NO;
				SUPPORTS_MAC_DESIGNED_FOR_IPHONE_IPAD = NO;
				SUPPORTS_XR_DESIGNED_FOR_IPHONE_IPAD = NO;
				SWIFT_EMIT_LOC_STRINGS = YES;
				SWIFT_VERSION = 5.0;
				TARGETED_DEVICE_FAMILY = "1,2";
			};
			name = Release;
		};
/* End XCBuildConfiguration section */

/* Begin XCConfigurationList section */
		E75CEE112BD6BED800F1F2F6 /* Build configuration list for PBXProject "MedBook" */ = {
			isa = XCConfigurationList;
			buildConfigurations = (
				E75CEE272BD6BED900F1F2F6 /* Debug */,
				E75CEE282BD6BED900F1F2F6 /* Release */,
			);
			defaultConfigurationIsVisible = 0;
			defaultConfigurationName = Release;
		};
		E75CEE292BD6BED900F1F2F6 /* Build configuration list for PBXNativeTarget "MedBook" */ = {
			isa = XCConfigurationList;
			buildConfigurations = (
				E75CEE2A2BD6BED900F1F2F6 /* Debug */,
				E75CEE2B2BD6BED900F1F2F6 /* Release */,
			);
			defaultConfigurationIsVisible = 0;
			defaultConfigurationName = Release;
		};
/* End XCConfigurationList section */

/* Begin XCVersionGroup section */
		E75CEE242BD6BED900F1F2F6 /* MedBook.xcdatamodeld */ = {
			isa = XCVersionGroup;
			children = (
				E75CEE252BD6BED900F1F2F6 /* MedBook.xcdatamodel */,
			);
			currentVersion = E75CEE252BD6BED900F1F2F6 /* MedBook.xcdatamodel */;
			path = MedBook.xcdatamodeld;
			sourceTree = "<group>";
			versionGroupType = wrapper.xcdatamodel;
		};
/* End XCVersionGroup section */
	};
	rootObject = E75CEE0E2BD6BED800F1F2F6 /* Project object */;
}
